{
  "nodes": {
    "nixpkgs": {
      "locked": {
        "lastModified": 1762111121,
        "narHash": "sha256-4vhDuZ7OZaZmKKrnDpxLZZpGIJvAeMtK6FKLJYUtAdw=",
        "owner": "NixOS",
        "repo": "nixpkgs",
        "rev": "b3d51a0365f6695e7dd5cdf3e180604530ed33b4",
        "type": "github"
      },
      "original": {
        "owner": "NixOS",
        "ref": "nixos-unstable",
        "repo": "nixpkgs",
        "type": "github"
      }
    },
    "root": {
      "inputs": {
        "nixpkgs": "nixpkgs",
        "wiredtiger": "wiredtiger"
      }
    },
    "wiredtiger": {
      "inputs": {
        "nixpkgs": [
          "nixpkgs"
        ],
        "wiredtiger_11_3_1": "wiredtiger_11_3_1",
        "wiredtiger_lockbug": "wiredtiger_lockbug"
      },
      "locked": {
        "path": "versions",
        "type": "path"
      },
      "original": {
        "path": "versions",
        "type": "path"
      },
      "parent": []
    },
    "wiredtiger_11_3_1": {
      "flake": false,
      "locked": {
        "lastModified": 1731623081,
        "narHash": "sha256-K5cZZTvZaWR6gVXF+mHNh7nHxMqi9XaEpB2qsd/pay8=",
        "owner": "wiredtiger",
        "repo": "wiredtiger",
        "rev": "05c56015a42154ac8145366678a4f8eb419b5933",
        "type": "github"
      },
      "original": {
        "owner": "wiredtiger",
        "repo": "wiredtiger",
        "rev": "05c56015a42154ac8145366678a4f8eb419b5933",
        "type": "github"
      }
    },
    "wiredtiger_lockbug": {
      "flake": false,
      "locked": {
        "lastModified": 1745875244,
        "narHash": "sha256-rKsQCUIhMhALZl+aZeDaglXgLLfhuC6PTtwI617O+mU=",
        "owner": "wiredtiger",
        "repo": "wiredtiger",
        "rev": "5ad9e6d37986c69e4adcce2863928ed39710b090",
        "type": "github"
      },
      "original": {
        "owner": "wiredtiger",
        "repo": "wiredtiger",
        "rev": "5ad9e6d37986c69e4adcce2863928ed39710b090",
        "type": "github"
      }
    }
  },
  "root": "root",
  "version": 7
}
